// !$*UTF8*$!
{
	archiveVersion = 1;
	classes = {
	};
	objectVersion = 48;
	objects = {

/* Begin PBXBuildFile section */
		088A1BF7202844B30041D19B /* LogItem.m in Sources */ = {isa = PBXBuildFile; fileRef = 088A1BF6202844B30041D19B /* LogItem.m */; };
		08A612872027F49A0021F387 /* AppDelegate.m in Sources */ = {isa = PBXBuildFile; fileRef = 08A612862027F49A0021F387 /* AppDelegate.m */; };
		08A6128A2027F49A0021F387 /* DictViewController.m in Sources */ = {isa = PBXBuildFile; fileRef = 08A612892027F49A0021F387 /* DictViewController.m */; };
		08A6128D2027F49A0021F387 /* LogViewController.m in Sources */ = {isa = PBXBuildFile; fileRef = 08A6128C2027F49A0021F387 /* LogViewController.m */; };
		08A612902027F49A0021F387 /* Main.storyboard in Resources */ = {isa = PBXBuildFile; fileRef = 08A6128E2027F49A0021F387 /* Main.storyboard */; };
		08A612922027F49A0021F387 /* Assets.xcassets in Resources */ = {isa = PBXBuildFile; fileRef = 08A612912027F49A0021F387 /* Assets.xcassets */; };
		08A612952027F49A0021F387 /* LaunchScreen.storyboard in Resources */ = {isa = PBXBuildFile; fileRef = 08A612932027F49A0021F387 /* LaunchScreen.storyboard */; };
		08A612982027F49A0021F387 /* main.m in Sources */ = {isa = PBXBuildFile; fileRef = 08A612972027F49A0021F387 /* main.m */; };
		08A612A0202803C40021F387 /* SideMenuView.m in Sources */ = {isa = PBXBuildFile; fileRef = 08A6129F202803C40021F387 /* SideMenuView.m */; };
		08A612A32028049B0021F387 /* LoginViewController.m in Sources */ = {isa = PBXBuildFile; fileRef = 08A612A22028049B0021F387 /* LoginViewController.m */; };
		08B7D6B4202B0624000F373B /* ShowMoodView.m in Sources */ = {isa = PBXBuildFile; fileRef = 08B7D6B3202B0624000F373B /* ShowMoodView.m */; };
		290B80A72028401400999537 /* CommonButton.m in Sources */ = {isa = PBXBuildFile; fileRef = 290B80A62028401400999537 /* CommonButton.m */; };
		293CCF65202B93E200C3E338 /* SecondKeywordVC.m in Sources */ = {isa = PBXBuildFile; fileRef = 293CCF64202B93E200C3E338 /* SecondKeywordVC.m */; };
		29FC15092029C4DE00958EC7 /* KeyWordButton.m in Sources */ = {isa = PBXBuildFile; fileRef = 29FC15082029C4DE00958EC7 /* KeyWordButton.m */; };
		29FC1511202AE1C200958EC7 /* DataBase.m in Sources */ = {isa = PBXBuildFile; fileRef = 29FC1510202AE1C200958EC7 /* DataBase.m */; };
		29FC1515202B28B000958EC7 /* FirstKeywordViewController.m in Sources */ = {isa = PBXBuildFile; fileRef = 29FC1514202B28B000958EC7 /* FirstKeywordViewController.m */; };
		BA0A1B40EB00A07C4F8FFB94 /* libPods-MoodDict.a in Frameworks */ = {isa = PBXBuildFile; fileRef = 74C6A6EAF69670C3190AA2F9 /* libPods-MoodDict.a */; };
/* End PBXBuildFile section */

/* Begin PBXFileReference section */
		088A1BF5202844B30041D19B /* LogItem.h */ = {isa = PBXFileReference; lastKnownFileType = sourcecode.c.h; path = LogItem.h; sourceTree = "<group>"; };
		088A1BF6202844B30041D19B /* LogItem.m */ = {isa = PBXFileReference; lastKnownFileType = sourcecode.c.objc; path = LogItem.m; sourceTree = "<group>"; };
		08A612822027F49A0021F387 /* MoodDict.app */ = {isa = PBXFileReference; explicitFileType = wrapper.application; includeInIndex = 0; path = MoodDict.app; sourceTree = BUILT_PRODUCTS_DIR; };
		08A612852027F49A0021F387 /* AppDelegate.h */ = {isa = PBXFileReference; lastKnownFileType = sourcecode.c.h; path = AppDelegate.h; sourceTree = "<group>"; };
		08A612862027F49A0021F387 /* AppDelegate.m */ = {isa = PBXFileReference; lastKnownFileType = sourcecode.c.objc; path = AppDelegate.m; sourceTree = "<group>"; };
		08A612882027F49A0021F387 /* DictViewController.h */ = {isa = PBXFileReference; lastKnownFileType = sourcecode.c.h; path = DictViewController.h; sourceTree = "<group>"; };
		08A612892027F49A0021F387 /* DictViewController.m */ = {isa = PBXFileReference; lastKnownFileType = sourcecode.c.objc; path = DictViewController.m; sourceTree = "<group>"; };
		08A6128B2027F49A0021F387 /* LogViewController.h */ = {isa = PBXFileReference; lastKnownFileType = sourcecode.c.h; path = LogViewController.h; sourceTree = "<group>"; };
		08A6128C2027F49A0021F387 /* LogViewController.m */ = {isa = PBXFileReference; lastKnownFileType = sourcecode.c.objc; path = LogViewController.m; sourceTree = "<group>"; };
		08A6128F2027F49A0021F387 /* Base */ = {isa = PBXFileReference; lastKnownFileType = file.storyboard; name = Base; path = Base.lproj/Main.storyboard; sourceTree = "<group>"; };
		08A612912027F49A0021F387 /* Assets.xcassets */ = {isa = PBXFileReference; lastKnownFileType = folder.assetcatalog; path = Assets.xcassets; sourceTree = "<group>"; };
		08A612942027F49A0021F387 /* Base */ = {isa = PBXFileReference; lastKnownFileType = file.storyboard; name = Base; path = Base.lproj/LaunchScreen.storyboard; sourceTree = "<group>"; };
		08A612962027F49A0021F387 /* Info.plist */ = {isa = PBXFileReference; lastKnownFileType = text.plist.xml; path = Info.plist; sourceTree = "<group>"; };
		08A612972027F49A0021F387 /* main.m */ = {isa = PBXFileReference; lastKnownFileType = sourcecode.c.objc; path = main.m; sourceTree = "<group>"; };
		08A6129E202803C40021F387 /* SideMenuView.h */ = {isa = PBXFileReference; fileEncoding = 4; lastKnownFileType = sourcecode.c.h; path = SideMenuView.h; sourceTree = "<group>"; };
		08A6129F202803C40021F387 /* SideMenuView.m */ = {isa = PBXFileReference; fileEncoding = 4; lastKnownFileType = sourcecode.c.objc; path = SideMenuView.m; sourceTree = "<group>"; };
		08A612A12028049B0021F387 /* LoginViewController.h */ = {isa = PBXFileReference; fileEncoding = 4; lastKnownFileType = sourcecode.c.h; path = LoginViewController.h; sourceTree = "<group>"; };
		08A612A22028049B0021F387 /* LoginViewController.m */ = {isa = PBXFileReference; fileEncoding = 4; lastKnownFileType = sourcecode.c.objc; path = LoginViewController.m; sourceTree = "<group>"; };
		08B7D6B2202B0624000F373B /* ShowMoodView.h */ = {isa = PBXFileReference; lastKnownFileType = sourcecode.c.h; path = ShowMoodView.h; sourceTree = "<group>"; };
		08B7D6B3202B0624000F373B /* ShowMoodView.m */ = {isa = PBXFileReference; lastKnownFileType = sourcecode.c.objc; path = ShowMoodView.m; sourceTree = "<group>"; };
		097E90B39FE0D274B9462E0D /* Pods-MoodDict.release.xcconfig */ = {isa = PBXFileReference; includeInIndex = 1; lastKnownFileType = text.xcconfig; name = "Pods-MoodDict.release.xcconfig"; path = "Pods/Target Support Files/Pods-MoodDict/Pods-MoodDict.release.xcconfig"; sourceTree = "<group>"; };
		290B80A52028401400999537 /* CommonButton.h */ = {isa = PBXFileReference; lastKnownFileType = sourcecode.c.h; path = CommonButton.h; sourceTree = "<group>"; };
		290B80A62028401400999537 /* CommonButton.m */ = {isa = PBXFileReference; lastKnownFileType = sourcecode.c.objc; path = CommonButton.m; sourceTree = "<group>"; };
		293CCF63202B93E200C3E338 /* SecondKeywordVC.h */ = {isa = PBXFileReference; lastKnownFileType = sourcecode.c.h; path = SecondKeywordVC.h; sourceTree = "<group>"; };
		293CCF64202B93E200C3E338 /* SecondKeywordVC.m */ = {isa = PBXFileReference; lastKnownFileType = sourcecode.c.objc; path = SecondKeywordVC.m; sourceTree = "<group>"; };
		29FC15072029C4DE00958EC7 /* KeyWordButton.h */ = {isa = PBXFileReference; lastKnownFileType = sourcecode.c.h; path = KeyWordButton.h; sourceTree = "<group>"; };
		29FC15082029C4DE00958EC7 /* KeyWordButton.m */ = {isa = PBXFileReference; lastKnownFileType = sourcecode.c.objc; path = KeyWordButton.m; sourceTree = "<group>"; };
		29FC150F202AE1C200958EC7 /* DataBase.h */ = {isa = PBXFileReference; lastKnownFileType = sourcecode.c.h; path = DataBase.h; sourceTree = "<group>"; };
		29FC1510202AE1C200958EC7 /* DataBase.m */ = {isa = PBXFileReference; lastKnownFileType = sourcecode.c.objc; path = DataBase.m; sourceTree = "<group>"; };
		29FC1513202B28B000958EC7 /* FirstKeywordViewController.h */ = {isa = PBXFileReference; lastKnownFileType = sourcecode.c.h; path = FirstKeywordViewController.h; sourceTree = "<group>"; };
		29FC1514202B28B000958EC7 /* FirstKeywordViewController.m */ = {isa = PBXFileReference; lastKnownFileType = sourcecode.c.objc; path = FirstKeywordViewController.m; sourceTree = "<group>"; };
		4E26749F2065626CC0C7F997 /* Pods-MoodDict.debug.xcconfig */ = {isa = PBXFileReference; includeInIndex = 1; lastKnownFileType = text.xcconfig; name = "Pods-MoodDict.debug.xcconfig"; path = "Pods/Target Support Files/Pods-MoodDict/Pods-MoodDict.debug.xcconfig"; sourceTree = "<group>"; };
		74C6A6EAF69670C3190AA2F9 /* libPods-MoodDict.a */ = {isa = PBXFileReference; explicitFileType = archive.ar; includeInIndex = 0; path = "libPods-MoodDict.a"; sourceTree = BUILT_PRODUCTS_DIR; };
/* End PBXFileReference section */

/* Begin PBXFrameworksBuildPhase section */
		08A6127F2027F49A0021F387 /* Frameworks */ = {
			isa = PBXFrameworksBuildPhase;
			buildActionMask = 2147483647;
			files = (
				BA0A1B40EB00A07C4F8FFB94 /* libPods-MoodDict.a in Frameworks */,
			);
			runOnlyForDeploymentPostprocessing = 0;
		};
/* End PBXFrameworksBuildPhase section */

/* Begin PBXGroup section */
		08A612792027F49A0021F387 = {
			isa = PBXGroup;
			children = (
				08A612842027F49A0021F387 /* MoodDict */,
				08A612832027F49A0021F387 /* Products */,
				7E63324D785952435BFEE35A /* Pods */,
				5F2B4A638C7DF0CC6BEDB508 /* Frameworks */,
			);
			sourceTree = "<group>";
			usesTabs = 0;
		};
		08A612832027F49A0021F387 /* Products */ = {
			isa = PBXGroup;
			children = (
				08A612822027F49A0021F387 /* MoodDict.app */,
			);
			name = Products;
			sourceTree = "<group>";
		};
		08A612842027F49A0021F387 /* MoodDict */ = {
			isa = PBXGroup;
			children = (
				290B80A420283FF000999537 /* ButtonConfig */,
				29FC1512202B287000958EC7 /* FirstKeywordVC */,
				29FC150E2029CE9900958EC7 /* FMDB */,
				08A612852027F49A0021F387 /* AppDelegate.h */,
				08A612862027F49A0021F387 /* AppDelegate.m */,
				08A612A12028049B0021F387 /* LoginViewController.h */,
				08A612A22028049B0021F387 /* LoginViewController.m */,
				08A6129E202803C40021F387 /* SideMenuView.h */,
				08A6129F202803C40021F387 /* SideMenuView.m */,
				08A612882027F49A0021F387 /* DictViewController.h */,
				08A612892027F49A0021F387 /* DictViewController.m */,
				08A6128B2027F49A0021F387 /* LogViewController.h */,
				08A6128C2027F49A0021F387 /* LogViewController.m */,
				08B7D6B2202B0624000F373B /* ShowMoodView.h */,
				08B7D6B3202B0624000F373B /* ShowMoodView.m */,
				088A1BF5202844B30041D19B /* LogItem.h */,
				088A1BF6202844B30041D19B /* LogItem.m */,
				08A6128E2027F49A0021F387 /* Main.storyboard */,
				08A612912027F49A0021F387 /* Assets.xcassets */,
				08A612932027F49A0021F387 /* LaunchScreen.storyboard */,
				08A612962027F49A0021F387 /* Info.plist */,
				08A612972027F49A0021F387 /* main.m */,
			);
			path = MoodDict;
			sourceTree = "<group>";
		};
		290B80A420283FF000999537 /* ButtonConfig */ = {
			isa = PBXGroup;
			children = (
				290B80A52028401400999537 /* CommonButton.h */,
				290B80A62028401400999537 /* CommonButton.m */,
				29FC15072029C4DE00958EC7 /* KeyWordButton.h */,
				29FC15082029C4DE00958EC7 /* KeyWordButton.m */,
			);
			path = ButtonConfig;
			sourceTree = "<group>";
		};
		29FC150E2029CE9900958EC7 /* FMDB */ = {
			isa = PBXGroup;
			children = (
				29FC150F202AE1C200958EC7 /* DataBase.h */,
				29FC1510202AE1C200958EC7 /* DataBase.m */,
			);
			path = FMDB;
			sourceTree = "<group>";
		};
		29FC1512202B287000958EC7 /* FirstKeywordVC */ = {
			isa = PBXGroup;
			children = (
				29FC1513202B28B000958EC7 /* FirstKeywordViewController.h */,
				29FC1514202B28B000958EC7 /* FirstKeywordViewController.m */,
				293CCF63202B93E200C3E338 /* SecondKeywordVC.h */,
				293CCF64202B93E200C3E338 /* SecondKeywordVC.m */,
			);
			path = FirstKeywordVC;
			sourceTree = "<group>";
		};
		5F2B4A638C7DF0CC6BEDB508 /* Frameworks */ = {
			isa = PBXGroup;
			children = (
				74C6A6EAF69670C3190AA2F9 /* libPods-MoodDict.a */,
			);
			name = Frameworks;
			sourceTree = "<group>";
		};
		7E63324D785952435BFEE35A /* Pods */ = {
			isa = PBXGroup;
			children = (
				4E26749F2065626CC0C7F997 /* Pods-MoodDict.debug.xcconfig */,
				097E90B39FE0D274B9462E0D /* Pods-MoodDict.release.xcconfig */,
			);
			name = Pods;
			sourceTree = "<group>";
		};
/* End PBXGroup section */

/* Begin PBXNativeTarget section */
		08A612812027F49A0021F387 /* MoodDict */ = {
			isa = PBXNativeTarget;
			buildConfigurationList = 08A6129B2027F49A0021F387 /* Build configuration list for PBXNativeTarget "MoodDict" */;
			buildPhases = (
				F68FA99BA2FD2B5C52B94EDC /* [CP] Check Pods Manifest.lock */,
				08A6127E2027F49A0021F387 /* Sources */,
				08A6127F2027F49A0021F387 /* Frameworks */,
				08A612802027F49A0021F387 /* Resources */,
				31A6061FE4880F80F29D0DA6 /* [CP] Embed Pods Frameworks */,
				577D1BE66FACC7B240E68B07 /* [CP] Copy Pods Resources */,
			);
			buildRules = (
			);
			dependencies = (
			);
			name = MoodDict;
			productName = MoodDict;
			productReference = 08A612822027F49A0021F387 /* MoodDict.app */;
			productType = "com.apple.product-type.application";
		};
/* End PBXNativeTarget section */

/* Begin PBXProject section */
		08A6127A2027F49A0021F387 /* Project object */ = {
			isa = PBXProject;
			attributes = {
				LastUpgradeCheck = 0920;
				ORGANIZATIONNAME = "李嘉银";
				TargetAttributes = {
					08A612812027F49A0021F387 = {
						CreatedOnToolsVersion = 9.2;
						ProvisioningStyle = Automatic;
					};
				};
			};
			buildConfigurationList = 08A6127D2027F49A0021F387 /* Build configuration list for PBXProject "MoodDict" */;
			compatibilityVersion = "Xcode 8.0";
			developmentRegion = en;
			hasScannedForEncodings = 0;
			knownRegions = (
				en,
				Base,
			);
			mainGroup = 08A612792027F49A0021F387;
			productRefGroup = 08A612832027F49A0021F387 /* Products */;
			projectDirPath = "";
			projectRoot = "";
			targets = (
				08A612812027F49A0021F387 /* MoodDict */,
			);
		};
/* End PBXProject section */

/* Begin PBXResourcesBuildPhase section */
		08A612802027F49A0021F387 /* Resources */ = {
			isa = PBXResourcesBuildPhase;
			buildActionMask = 2147483647;
			files = (
				08A612952027F49A0021F387 /* LaunchScreen.storyboard in Resources */,
				08A612922027F49A0021F387 /* Assets.xcassets in Resources */,
				08A612902027F49A0021F387 /* Main.storyboard in Resources */,
			);
			runOnlyForDeploymentPostprocessing = 0;
		};
/* End PBXResourcesBuildPhase section */

/* Begin PBXShellScriptBuildPhase section */
		31A6061FE4880F80F29D0DA6 /* [CP] Embed Pods Frameworks */ = {
			isa = PBXShellScriptBuildPhase;
			buildActionMask = 2147483647;
			files = (
			);
			inputPaths = (
				"${SRCROOT}/Pods/Target Support Files/Pods-MoodDict/Pods-MoodDict-frameworks.sh",
				"${PODS_ROOT}/Reveal-SDK/RevealServer-11/iOS/RevealServer.framework",
			);
			name = "[CP] Embed Pods Frameworks";
			outputPaths = (
				"${TARGET_BUILD_DIR}/${FRAMEWORKS_FOLDER_PATH}/RevealServer.framework",
			);
			runOnlyForDeploymentPostprocessing = 0;
			shellPath = /bin/sh;
			shellScript = "\"${SRCROOT}/Pods/Target Support Files/Pods-MoodDict/Pods-MoodDict-frameworks.sh\"\n";
			showEnvVarsInLog = 0;
		};
		577D1BE66FACC7B240E68B07 /* [CP] Copy Pods Resources */ = {
			isa = PBXShellScriptBuildPhase;
			buildActionMask = 2147483647;
			files = (
			);
			inputPaths = (
			);
			name = "[CP] Copy Pods Resources";
			outputPaths = (
			);
			runOnlyForDeploymentPostprocessing = 0;
			shellPath = /bin/sh;
			shellScript = "\"${SRCROOT}/Pods/Target Support Files/Pods-MoodDict/Pods-MoodDict-resources.sh\"\n";
			showEnvVarsInLog = 0;
		};
		F68FA99BA2FD2B5C52B94EDC /* [CP] Check Pods Manifest.lock */ = {
			isa = PBXShellScriptBuildPhase;
			buildActionMask = 2147483647;
			files = (
			);
			inputPaths = (
				"${PODS_PODFILE_DIR_PATH}/Podfile.lock",
				"${PODS_ROOT}/Manifest.lock",
			);
			name = "[CP] Check Pods Manifest.lock";
			outputPaths = (
				"$(DERIVED_FILE_DIR)/Pods-MoodDict-checkManifestLockResult.txt",
			);
			runOnlyForDeploymentPostprocessing = 0;
			shellPath = /bin/sh;
			shellScript = "diff \"${PODS_PODFILE_DIR_PATH}/Podfile.lock\" \"${PODS_ROOT}/Manifest.lock\" > /dev/null\nif [ $? != 0 ] ; then\n    # print error to STDERR\n    echo \"error: The sandbox is not in sync with the Podfile.lock. Run 'pod install' or update your CocoaPods installation.\" >&2\n    exit 1\nfi\n# This output is used by Xcode 'outputs' to avoid re-running this script phase.\necho \"SUCCESS\" > \"${SCRIPT_OUTPUT_FILE_0}\"\n";
			showEnvVarsInLog = 0;
		};
/* End PBXShellScriptBuildPhase section */

/* Begin PBXSourcesBuildPhase section */
		08A6127E2027F49A0021F387 /* Sources */ = {
			isa = PBXSourcesBuildPhase;
			buildActionMask = 2147483647;
			files = (
				08A6128D2027F49A0021F387 /* LogViewController.m in Sources */,
				29FC1515202B28B000958EC7 /* FirstKeywordViewController.m in Sources */,
				29FC1511202AE1C200958EC7 /* DataBase.m in Sources */,
				08A612A0202803C40021F387 /* SideMenuView.m in Sources */,
				088A1BF7202844B30041D19B /* LogItem.m in Sources */,
				08A612A32028049B0021F387 /* LoginViewController.m in Sources */,
				08A612872027F49A0021F387 /* AppDelegate.m in Sources */,
				08A612982027F49A0021F387 /* main.m in Sources */,
				29FC15092029C4DE00958EC7 /* KeyWordButton.m in Sources */,
				08B7D6B4202B0624000F373B /* ShowMoodView.m in Sources */,
				08A6128A2027F49A0021F387 /* DictViewController.m in Sources */,
				293CCF65202B93E200C3E338 /* SecondKeywordVC.m in Sources */,
				290B80A72028401400999537 /* CommonButton.m in Sources */,
			);
			runOnlyForDeploymentPostprocessing = 0;
		};
/* End PBXSourcesBuildPhase section */

/* Begin PBXVariantGroup section */
		08A6128E2027F49A0021F387 /* Main.storyboard */ = {
			isa = PBXVariantGroup;
			children = (
				08A6128F2027F49A0021F387 /* Base */,
			);
			name = Main.storyboard;
			sourceTree = "<group>";
		};
		08A612932027F49A0021F387 /* LaunchScreen.storyboard */ = {
			isa = PBXVariantGroup;
			children = (
				08A612942027F49A0021F387 /* Base */,
			);
			name = LaunchScreen.storyboard;
			sourceTree = "<group>";
		};
/* End PBXVariantGroup section */

/* Begin XCBuildConfiguration section */
		08A612992027F49A0021F387 /* Debug */ = {
			isa = XCBuildConfiguration;
			buildSettings = {
				ALWAYS_SEARCH_USER_PATHS = NO;
				CLANG_ANALYZER_NONNULL = YES;
				CLANG_ANALYZER_NUMBER_OBJECT_CONVERSION = YES_AGGRESSIVE;
				CLANG_CXX_LANGUAGE_STANDARD = "gnu++14";
				CLANG_CXX_LIBRARY = "libc++";
				CLANG_ENABLE_MODULES = YES;
				CLANG_ENABLE_OBJC_ARC = YES;
				CLANG_WARN_BLOCK_CAPTURE_AUTORELEASING = YES;
				CLANG_WARN_BOOL_CONVERSION = YES;
				CLANG_WARN_COMMA = YES;
				CLANG_WARN_CONSTANT_CONVERSION = YES;
				CLANG_WARN_DIRECT_OBJC_ISA_USAGE = YES_ERROR;
				CLANG_WARN_DOCUMENTATION_COMMENTS = YES;
				CLANG_WARN_EMPTY_BODY = YES;
				CLANG_WARN_ENUM_CONVERSION = YES;
				CLANG_WARN_INFINITE_RECURSION = YES;
				CLANG_WARN_INT_CONVERSION = YES;
				CLANG_WARN_NON_LITERAL_NULL_CONVERSION = YES;
				CLANG_WARN_OBJC_LITERAL_CONVERSION = YES;
				CLANG_WARN_OBJC_ROOT_CLASS = YES_ERROR;
				CLANG_WARN_RANGE_LOOP_ANALYSIS = YES;
				CLANG_WARN_STRICT_PROTOTYPES = YES;
				CLANG_WARN_SUSPICIOUS_MOVE = YES;
				CLANG_WARN_UNGUARDED_AVAILABILITY = YES_AGGRESSIVE;
				CLANG_WARN_UNREACHABLE_CODE = YES;
				CLANG_WARN__DUPLICATE_METHOD_MATCH = YES;
				CODE_SIGN_IDENTITY = "iPhone Developer";
				COPY_PHASE_STRIP = NO;
				DEBUG_INFORMATION_FORMAT = dwarf;
				ENABLE_STRICT_OBJC_MSGSEND = YES;
				ENABLE_TESTABILITY = YES;
				GCC_C_LANGUAGE_STANDARD = gnu11;
				GCC_DYNAMIC_NO_PIC = NO;
				GCC_NO_COMMON_BLOCKS = YES;
				GCC_OPTIMIZATION_LEVEL = 0;
				GCC_PREPROCESSOR_DEFINITIONS = (
					"DEBUG=1",
					"$(inherited)",
				);
				GCC_WARN_64_TO_32_BIT_CONVERSION = YES;
				GCC_WARN_ABOUT_RETURN_TYPE = YES_ERROR;
				GCC_WARN_UNDECLARED_SELECTOR = YES;
				GCC_WARN_UNINITIALIZED_AUTOS = YES_AGGRESSIVE;
				GCC_WARN_UNUSED_FUNCTION = YES;
				GCC_WARN_UNUSED_VARIABLE = YES;
				IPHONEOS_DEPLOYMENT_TARGET = 11.2;
				MTL_ENABLE_DEBUG_INFO = YES;
				ONLY_ACTIVE_ARCH = YES;
				SDKROOT = iphoneos;
			};
			name = Debug;
		};
		08A6129A2027F49A0021F387 /* Release */ = {
			isa = XCBuildConfiguration;
			buildSettings = {
				ALWAYS_SEARCH_USER_PATHS = NO;
				CLANG_ANALYZER_NONNULL = YES;
				CLANG_ANALYZER_NUMBER_OBJECT_CONVERSION = YES_AGGRESSIVE;
				CLANG_CXX_LANGUAGE_STANDARD = "gnu++14";
				CLANG_CXX_LIBRARY = "libc++";
				CLANG_ENABLE_MODULES = YES;
				CLANG_ENABLE_OBJC_ARC = YES;
				CLANG_WARN_BLOCK_CAPTURE_AUTORELEASING = YES;
				CLANG_WARN_BOOL_CONVERSION = YES;
				CLANG_WARN_COMMA = YES;
				CLANG_WARN_CONSTANT_CONVERSION = YES;
				CLANG_WARN_DIRECT_OBJC_ISA_USAGE = YES_ERROR;
				CLANG_WARN_DOCUMENTATION_COMMENTS = YES;
				CLANG_WARN_EMPTY_BODY = YES;
				CLANG_WARN_ENUM_CONVERSION = YES;
				CLANG_WARN_INFINITE_RECURSION = YES;
				CLANG_WARN_INT_CONVERSION = YES;
				CLANG_WARN_NON_LITERAL_NULL_CONVERSION = YES;
				CLANG_WARN_OBJC_LITERAL_CONVERSION = YES;
				CLANG_WARN_OBJC_ROOT_CLASS = YES_ERROR;
				CLANG_WARN_RANGE_LOOP_ANALYSIS = YES;
				CLANG_WARN_STRICT_PROTOTYPES = YES;
				CLANG_WARN_SUSPICIOUS_MOVE = YES;
				CLANG_WARN_UNGUARDED_AVAILABILITY = YES_AGGRESSIVE;
				CLANG_WARN_UNREACHABLE_CODE = YES;
				CLANG_WARN__DUPLICATE_METHOD_MATCH = YES;
				CODE_SIGN_IDENTITY = "iPhone Developer";
				COPY_PHASE_STRIP = NO;
				DEBUG_INFORMATION_FORMAT = "dwarf-with-dsym";
				ENABLE_NS_ASSERTIONS = NO;
				ENABLE_STRICT_OBJC_MSGSEND = YES;
				GCC_C_LANGUAGE_STANDARD = gnu11;
				GCC_NO_COMMON_BLOCKS = YES;
				GCC_WARN_64_TO_32_BIT_CONVERSION = YES;
				GCC_WARN_ABOUT_RETURN_TYPE = YES_ERROR;
				GCC_WARN_UNDECLARED_SELECTOR = YES;
				GCC_WARN_UNINITIALIZED_AUTOS = YES_AGGRESSIVE;
				GCC_WARN_UNUSED_FUNCTION = YES;
				GCC_WARN_UNUSED_VARIABLE = YES;
				IPHONEOS_DEPLOYMENT_TARGET = 11.2;
				MTL_ENABLE_DEBUG_INFO = NO;
				SDKROOT = iphoneos;
				VALIDATE_PRODUCT = YES;
			};
			name = Release;
		};
		08A6129C2027F49A0021F387 /* Debug */ = {
			isa = XCBuildConfiguration;
			baseConfigurationReference = 4E26749F2065626CC0C7F997 /* Pods-MoodDict.debug.xcconfig */;
			buildSettings = {
				ASSETCATALOG_COMPILER_APPICON_NAME = AppIcon;
				CODE_SIGN_STYLE = Automatic;
				DEVELOPMENT_TEAM = QEVMBLGA8U;
				INFOPLIST_FILE = MoodDict/Info.plist;
				IPHONEOS_DEPLOYMENT_TARGET = 11.2;
				LD_RUNPATH_SEARCH_PATHS = "$(inherited) @executable_path/Frameworks";
				PRODUCT_BUNDLE_IDENTIFIER = test.abv;
				PRODUCT_NAME = "$(TARGET_NAME)";
				TARGETED_DEVICE_FAMILY = "1,2";
			};
			name = Debug;
		};
		08A6129D2027F49A0021F387 /* Release */ = {
			isa = XCBuildConfiguration;
			baseConfigurationReference = 097E90B39FE0D274B9462E0D /* Pods-MoodDict.release.xcconfig */;
			buildSettings = {
				ASSETCATALOG_COMPILER_APPICON_NAME = AppIcon;
				CODE_SIGN_STYLE = Automatic;
				DEVELOPMENT_TEAM = QEVMBLGA8U;
				INFOPLIST_FILE = MoodDict/Info.plist;
				IPHONEOS_DEPLOYMENT_TARGET = 11.2;
				LD_RUNPATH_SEARCH_PATHS = "$(inherited) @executable_path/Frameworks";
				PRODUCT_BUNDLE_IDENTIFIER = test.abv;
				PRODUCT_NAME = "$(TARGET_NAME)";
				TARGETED_DEVICE_FAMILY = "1,2";
			};
			name = Release;
		};
/* End XCBuildConfiguration section */

/* Begin XCConfigurationList section */
		08A6127D2027F49A0021F387 /* Build configuration list for PBXProject "MoodDict" */ = {
			isa = XCConfigurationList;
			buildConfigurations = (
				08A612992027F49A0021F387 /* Debug */,
				08A6129A2027F49A0021F387 /* Release */,
			);
			defaultConfigurationIsVisible = 0;
			defaultConfigurationName = Release;
		};
		08A6129B2027F49A0021F387 /* Build configuration list for PBXNativeTarget "MoodDict" */ = {
			isa = XCConfigurationList;
			buildConfigurations = (
				08A6129C2027F49A0021F387 /* Debug */,
				08A6129D2027F49A0021F387 /* Release */,
			);
			defaultConfigurationIsVisible = 0;
			defaultConfigurationName = Release;
		};
/* End XCConfigurationList section */
	};
	rootObject = 08A6127A2027F49A0021F387 /* Project object */;
}
